
Microsoft Visual Studio Solution File, Format Version 12.00
# Visual Studio Version 16
VisualStudioVersion = 16.0.30611.23
MinimumVisualStudioVersion = 10.0.40219.1
Project("{FAE04EC0-301F-11D3-BF4B-00C04F79EFBC}") = "BlazorTest", "BlazorTest\BlazorTest.csproj", "{2D31FEE3-7B9A-4D27-AF7A-4CB030591FF3}"
EndProject
Project("{FAE04EC0-301F-11D3-BF4B-00C04F79EFBC}") = "BlazorTestComponents", "BlazorTestComponents\BlazorTestComponents.csproj", "{F99EF2DA-D7C7-4A6C-A025-A2A9D22D1FC5}"
EndProject
Global
	GlobalSection(SolutionConfigurationPlatforms) = preSolution
		Debug|Any CPU = Debug|Any CPU
		Release|Any CPU = Release|Any CPU
	EndGlobalSection
	GlobalSection(ProjectConfigurationPlatforms) = postSolution
		{2D31FEE3-7B9A-4D27-AF7A-4CB030591FF3}.Debug|Any CPU.ActiveCfg = Debug|Any CPU
		{2D31FEE3-7B9A-4D27-AF7A-4CB030591FF3}.Debug|Any CPU.Build.0 = Debug|Any CPU
		{2D31FEE3-7B9A-4D27-AF7A-4CB030591FF3}.Release|Any CPU.ActiveCfg = Release|Any CPU
		{2D31FEE3-7B9A-4D27-AF7A-4CB030591FF3}.Release|Any CPU.Build.0 = Release|Any CPU
		{F99EF2DA-D7C7-4A6C-A025-A2A9D22D1FC5}.Debug|Any CPU.ActiveCfg = Debug|Any CPU
		{F99EF2DA-D7C7-4A6C-A025-A2A9D22D1FC5}.Debug|Any CPU.Build.0 = Debug|Any CPU
		{F99EF2DA-D7C7-4A6C-A025-A2A9D22D1FC5}.Release|Any CPU.ActiveCfg = Release|Any CPU
		{F99EF2DA-D7C7-4A6C-A025-A2A9D22D1FC5}.Release|Any CPU.Build.0 = Release|Any CPU
	EndGlobalSection
	GlobalSection(SolutionProperties) = preSolution
		HideSolutionNode = FALSE
	EndGlobalSection
	GlobalSection(ExtensibilityGlobals) = postSolution
		SolutionGuid = {3680190D-6C32-42E4-9F73-AF5F73FB7717}
	EndGlobalSection
EndGlobal
